Microsoft Visual Studio Solution File, Format Version 11.00
# Visual Studio 2008

Project("{8C362941-F059-E9CB-9D62-E957A0DC3C3A}") = "ashtoash", "Assembly-CSharp-firstpass.csproj", "{7E6365A0-6D98-5637-64A8-055578D9F028}"
EndProject
Project("{8C362941-F059-E9CB-9D62-E957A0DC3C3A}") = "ashtoash", "Assembly-CSharp.csproj", "{005C2DA6-55EE-1533-E5A0-545EC4665FC1}"
EndProject
Project("{8C362941-F059-E9CB-9D62-E957A0DC3C3A}") = "ashtoash", "Assembly-CSharp-Editor.csproj", "{AAC4DC8F-D7AB-47FA-EA3A-CD9ABC119765}"
EndProject
Global
	GlobalSection(SolutionConfigurationPlatforms) = preSolution
		Debug|Any CPU = Debug|Any CPU
		Release|Any CPU = Release|Any CPU
	EndGlobalSection
	GlobalSection(ProjectConfigurationPlatforms) = postSolution
		{7E6365A0-6D98-5637-64A8-055578D9F028}.Debug|Any CPU.ActiveCfg = Debug|Any CPU
		{7E6365A0-6D98-5637-64A8-055578D9F028}.Debug|Any CPU.Build.0 = Debug|Any CPU
		{7E6365A0-6D98-5637-64A8-055578D9F028}.Release|Any CPU.ActiveCfg = Release|Any CPU
		{7E6365A0-6D98-5637-64A8-055578D9F028}.Release|Any CPU.Build.0 = Release|Any CPU
		{005C2DA6-55EE-1533-E5A0-545EC4665FC1}.Debug|Any CPU.ActiveCfg = Debug|Any CPU
		{005C2DA6-55EE-1533-E5A0-545EC4665FC1}.Debug|Any CPU.Build.0 = Debug|Any CPU
		{005C2DA6-55EE-1533-E5A0-545EC4665FC1}.Release|Any CPU.ActiveCfg = Release|Any CPU
		{005C2DA6-55EE-1533-E5A0-545EC4665FC1}.Release|Any CPU.Build.0 = Release|Any CPU
		{AAC4DC8F-D7AB-47FA-EA3A-CD9ABC119765}.Debug|Any CPU.ActiveCfg = Debug|Any CPU
		{AAC4DC8F-D7AB-47FA-EA3A-CD9ABC119765}.Debug|Any CPU.Build.0 = Debug|Any CPU
		{AAC4DC8F-D7AB-47FA-EA3A-CD9ABC119765}.Release|Any CPU.ActiveCfg = Release|Any CPU
		{AAC4DC8F-D7AB-47FA-EA3A-CD9ABC119765}.Release|Any CPU.Build.0 = Release|Any CPU
	EndGlobalSection
	GlobalSection(SolutionProperties) = preSolution
		HideSolutionNode = FALSE
	EndGlobalSection
	GlobalSection(MonoDevelopProperties) = preSolution
		StartupItem = Assembly-CSharp.csproj
	EndGlobalSection
EndGlobal
