
Microsoft Visual Studio Solution File, Format Version 12.00
# Visual Studio 2015
Project("{FAE04EC0-301F-11D3-BF4B-00C04F79EFBC}") = "ashtoash.CSharp.Plugins", "ashtoash.CSharp.Plugins.csproj", "{069AE276-A7BE-69B6-A24E-7FEA270A3A6E}"
EndProject
Project("{FAE04EC0-301F-11D3-BF4B-00C04F79EFBC}") = "ashtoash.CSharp", "ashtoash.CSharp.csproj", "{653A857A-565F-9BC2-E2B6-6EA6A65A23C3}"
EndProject
Project("{FAE04EC0-301F-11D3-BF4B-00C04F79EFBC}") = "ashtoash.CSharp.Editor", "ashtoash.CSharp.Editor.csproj", "{AD0E14FB-2386-380F-97CE-B25103E852EB}"
EndProject
Global
	GlobalSection(SolutionConfigurationPlatforms) = preSolution
		Debug|Any CPU = Debug|Any CPU
		Release|Any CPU = Release|Any CPU
	EndGlobalSection
	GlobalSection(ProjectConfigurationPlatforms) = postSolution
		{069AE276-A7BE-69B6-A24E-7FEA270A3A6E}.Debug|Any CPU.ActiveCfg = Debug|Any CPU
		{069AE276-A7BE-69B6-A24E-7FEA270A3A6E}.Debug|Any CPU.Build.0 = Debug|Any CPU
		{069AE276-A7BE-69B6-A24E-7FEA270A3A6E}.Release|Any CPU.ActiveCfg = Release|Any CPU
		{069AE276-A7BE-69B6-A24E-7FEA270A3A6E}.Release|Any CPU.Build.0 = Release|Any CPU
		{653A857A-565F-9BC2-E2B6-6EA6A65A23C3}.Debug|Any CPU.ActiveCfg = Debug|Any CPU
		{653A857A-565F-9BC2-E2B6-6EA6A65A23C3}.Debug|Any CPU.Build.0 = Debug|Any CPU
		{653A857A-565F-9BC2-E2B6-6EA6A65A23C3}.Release|Any CPU.ActiveCfg = Release|Any CPU
		{653A857A-565F-9BC2-E2B6-6EA6A65A23C3}.Release|Any CPU.Build.0 = Release|Any CPU
		{AD0E14FB-2386-380F-97CE-B25103E852EB}.Debug|Any CPU.ActiveCfg = Debug|Any CPU
		{AD0E14FB-2386-380F-97CE-B25103E852EB}.Debug|Any CPU.Build.0 = Debug|Any CPU
		{AD0E14FB-2386-380F-97CE-B25103E852EB}.Release|Any CPU.ActiveCfg = Release|Any CPU
		{AD0E14FB-2386-380F-97CE-B25103E852EB}.Release|Any CPU.Build.0 = Release|Any CPU
	EndGlobalSection
	GlobalSection(SolutionProperties) = preSolution
		HideSolutionNode = FALSE
	EndGlobalSection
EndGlobal
